// !$*UTF8*$!
{
	archiveVersion = 1;
	classes = {
	};
	objectVersion = 46;
	objects = {

/* Begin PBXBuildFile section */
		C19DA7111F32F8FF009A9581 /* PartialReadAndWrite.swift in Sources */ = {isa = PBXBuildFile; fileRef = C19DA7101F32F8FF009A9581 /* PartialReadAndWrite.swift */; };
		OBJ_27 /* SwiftDSSocket.swift in Sources */ = {isa = PBXBuildFile; fileRef = OBJ_8 /* SwiftDSSocket.swift */; };
		OBJ_34 /* CloseAfterReadWrite.swift in Sources */ = {isa = PBXBuildFile; fileRef = OBJ_11 /* CloseAfterReadWrite.swift */; };
		OBJ_35 /* ConnectAndListen.swift in Sources */ = {isa = PBXBuildFile; fileRef = OBJ_12 /* ConnectAndListen.swift */; };
		OBJ_36 /* KernelCommunication.swift in Sources */ = {isa = PBXBuildFile; fileRef = OBJ_13 /* KernelCommunication.swift */; };
		OBJ_37 /* TransferSpecifiedData.swift in Sources */ = {isa = PBXBuildFile; fileRef = OBJ_14 /* TransferSpecifiedData.swift */; };
		OBJ_38 /* TransferUnspecifiedData.swift in Sources */ = {isa = PBXBuildFile; fileRef = OBJ_15 /* TransferUnspecifiedData.swift */; };
		OBJ_40 /* SwiftDSSocket.framework in Frameworks */ = {isa = PBXBuildFile; fileRef = OBJ_20 /* SwiftDSSocket.framework */; };
/* End PBXBuildFile section */

/* Begin PBXContainerItemProxy section */
		C1A7A04A1F31975700D365F3 /* PBXContainerItemProxy */ = {
			isa = PBXContainerItemProxy;
			containerPortal = OBJ_1 /* Project object */;
			proxyType = 1;
			remoteGlobalIDString = OBJ_22;
			remoteInfo = SwiftDSSocket;
		};
/* End PBXContainerItemProxy section */

/* Begin PBXFileReference section */
		C19DA7101F32F8FF009A9581 /* PartialReadAndWrite.swift */ = {isa = PBXFileReference; fileEncoding = 4; lastKnownFileType = sourcecode.swift; path = PartialReadAndWrite.swift; sourceTree = "<group>"; };
		C19DA7121F331802009A9581 /* SwiftDSSocket.podspec */ = {isa = PBXFileReference; fileEncoding = 4; lastKnownFileType = text; path = SwiftDSSocket.podspec; sourceTree = "<group>"; };
		OBJ_11 /* CloseAfterReadWrite.swift */ = {isa = PBXFileReference; lastKnownFileType = sourcecode.swift; path = CloseAfterReadWrite.swift; sourceTree = "<group>"; };
		OBJ_12 /* ConnectAndListen.swift */ = {isa = PBXFileReference; lastKnownFileType = sourcecode.swift; path = ConnectAndListen.swift; sourceTree = "<group>"; };
		OBJ_13 /* KernelCommunication.swift */ = {isa = PBXFileReference; lastKnownFileType = sourcecode.swift; path = KernelCommunication.swift; sourceTree = "<group>"; };
		OBJ_14 /* TransferSpecifiedData.swift */ = {isa = PBXFileReference; lastKnownFileType = sourcecode.swift; path = TransferSpecifiedData.swift; sourceTree = "<group>"; };
		OBJ_15 /* TransferUnspecifiedData.swift */ = {isa = PBXFileReference; lastKnownFileType = sourcecode.swift; path = TransferUnspecifiedData.swift; sourceTree = "<group>"; };
		OBJ_20 /* SwiftDSSocket.framework */ = {isa = PBXFileReference; explicitFileType = wrapper.framework; path = SwiftDSSocket.framework; sourceTree = BUILT_PRODUCTS_DIR; };
		OBJ_21 /* SwiftDSSocketTests.xctest */ = {isa = PBXFileReference; lastKnownFileType = file; path = SwiftDSSocketTests.xctest; sourceTree = BUILT_PRODUCTS_DIR; };
		OBJ_6 /* Package.swift */ = {isa = PBXFileReference; explicitFileType = sourcecode.swift; path = Package.swift; sourceTree = "<group>"; };
		OBJ_8 /* SwiftDSSocket.swift */ = {isa = PBXFileReference; lastKnownFileType = sourcecode.swift; path = SwiftDSSocket.swift; sourceTree = "<group>"; };
/* End PBXFileReference section */

/* Begin PBXFrameworksBuildPhase section */
		OBJ_28 /* Frameworks */ = {
			isa = PBXFrameworksBuildPhase;
			buildActionMask = 0;
			files = (
			);
			runOnlyForDeploymentPostprocessing = 0;
		};
		OBJ_39 /* Frameworks */ = {
			isa = PBXFrameworksBuildPhase;
			buildActionMask = 0;
			files = (
				OBJ_40 /* SwiftDSSocket.framework in Frameworks */,
			);
			runOnlyForDeploymentPostprocessing = 0;
		};
/* End PBXFrameworksBuildPhase section */

/* Begin PBXGroup section */
		OBJ_10 /* SwiftDSSocketTests */ = {
			isa = PBXGroup;
			children = (
				OBJ_11 /* CloseAfterReadWrite.swift */,
				OBJ_12 /* ConnectAndListen.swift */,
				OBJ_13 /* KernelCommunication.swift */,
				OBJ_14 /* TransferSpecifiedData.swift */,
				OBJ_15 /* TransferUnspecifiedData.swift */,
				C19DA7101F32F8FF009A9581 /* PartialReadAndWrite.swift */,
			);
			name = SwiftDSSocketTests;
			path = Tests/SwiftDSSocketTests;
			sourceTree = SOURCE_ROOT;
		};
		OBJ_19 /* Products */ = {
			isa = PBXGroup;
			children = (
				OBJ_20 /* SwiftDSSocket.framework */,
				OBJ_21 /* SwiftDSSocketTests.xctest */,
			);
			name = Products;
			sourceTree = BUILT_PRODUCTS_DIR;
		};
		OBJ_5 = {
			isa = PBXGroup;
			children = (
				C19DA7121F331802009A9581 /* SwiftDSSocket.podspec */,
				OBJ_6 /* Package.swift */,
				OBJ_7 /* Sources */,
				OBJ_9 /* Tests */,
				OBJ_19 /* Products */,
			);
			sourceTree = "<group>";
		};
		OBJ_7 /* Sources */ = {
			isa = PBXGroup;
			children = (
				OBJ_8 /* SwiftDSSocket.swift */,
			);
			path = Sources;
			sourceTree = SOURCE_ROOT;
		};
		OBJ_9 /* Tests */ = {
			isa = PBXGroup;
			children = (
				OBJ_10 /* SwiftDSSocketTests */,
			);
			name = Tests;
			sourceTree = SOURCE_ROOT;
		};
/* End PBXGroup section */

/* Begin PBXNativeTarget section */
		OBJ_22 /* SwiftDSSocket */ = {
			isa = PBXNativeTarget;
			buildConfigurationList = OBJ_23 /* Build configuration list for PBXNativeTarget "SwiftDSSocket" */;
			buildPhases = (
				OBJ_26 /* Sources */,
				OBJ_28 /* Frameworks */,
			);
			buildRules = (
			);
			dependencies = (
			);
			name = SwiftDSSocket;
			productName = SwiftDSSocket;
			productReference = OBJ_20 /* SwiftDSSocket.framework */;
			productType = "com.apple.product-type.framework";
		};
		OBJ_29 /* SwiftDSSocketTests */ = {
			isa = PBXNativeTarget;
			buildConfigurationList = OBJ_30 /* Build configuration list for PBXNativeTarget "SwiftDSSocketTests" */;
			buildPhases = (
				OBJ_33 /* Sources */,
				OBJ_39 /* Frameworks */,
			);
			buildRules = (
			);
			dependencies = (
				OBJ_41 /* PBXTargetDependency */,
			);
			name = SwiftDSSocketTests;
			productName = SwiftDSSocketTests;
			productReference = OBJ_21 /* SwiftDSSocketTests.xctest */;
			productType = "com.apple.product-type.bundle.unit-test";
		};
/* End PBXNativeTarget section */

/* Begin PBXProject section */
		OBJ_1 /* Project object */ = {
			isa = PBXProject;
			attributes = {
				LastUpgradeCheck = 9999;
			};
			buildConfigurationList = OBJ_2 /* Build configuration list for PBXProject "SwiftDSSocket" */;
			compatibilityVersion = "Xcode 3.2";
			developmentRegion = English;
			hasScannedForEncodings = 0;
			knownRegions = (
				en,
			);
			mainGroup = OBJ_5;
			productRefGroup = OBJ_19 /* Products */;
			projectDirPath = "";
			projectRoot = "";
			targets = (
				OBJ_22 /* SwiftDSSocket */,
				OBJ_29 /* SwiftDSSocketTests */,
			);
		};
/* End PBXProject section */

/* Begin PBXSourcesBuildPhase section */
		OBJ_26 /* Sources */ = {
			isa = PBXSourcesBuildPhase;
			buildActionMask = 0;
			files = (
				OBJ_27 /* SwiftDSSocket.swift in Sources */,
			);
			runOnlyForDeploymentPostprocessing = 0;
		};
		OBJ_33 /* Sources */ = {
			isa = PBXSourcesBuildPhase;
			buildActionMask = 0;
			files = (
				OBJ_34 /* CloseAfterReadWrite.swift in Sources */,
				OBJ_35 /* ConnectAndListen.swift in Sources */,
				OBJ_36 /* KernelCommunication.swift in Sources */,
				C19DA7111F32F8FF009A9581 /* PartialReadAndWrite.swift in Sources */,
				OBJ_37 /* TransferSpecifiedData.swift in Sources */,
				OBJ_38 /* TransferUnspecifiedData.swift in Sources */,
			);
			runOnlyForDeploymentPostprocessing = 0;
		};
/* End PBXSourcesBuildPhase section */

/* Begin PBXTargetDependency section */
		OBJ_41 /* PBXTargetDependency */ = {
			isa = PBXTargetDependency;
			target = OBJ_22 /* SwiftDSSocket */;
			targetProxy = C1A7A04A1F31975700D365F3 /* PBXContainerItemProxy */;
		};
/* End PBXTargetDependency section */

/* Begin XCBuildConfiguration section */
		OBJ_24 /* Debug */ = {
			isa = XCBuildConfiguration;
			buildSettings = {
				ENABLE_TESTABILITY = YES;
				FRAMEWORK_SEARCH_PATHS = (
					"$(inherited)",
					"$(PLATFORM_DIR)/Developer/Library/Frameworks",
				);
				HEADER_SEARCH_PATHS = "$(inherited)";
				INFOPLIST_FILE = SwiftDSSocket.xcodeproj/SwiftDSSocket_Info.plist;
				LD_RUNPATH_SEARCH_PATHS = "$(TOOLCHAIN_DIR)/usr/lib/swift/macosx";
				OTHER_LDFLAGS = "$(inherited)";
				OTHER_SWIFT_FLAGS = "$(inherited)";
				PRODUCT_BUNDLE_IDENTIFIER = SwiftDSSocket;
				PRODUCT_MODULE_NAME = "$(TARGET_NAME:c99extidentifier)";
				PRODUCT_NAME = "$(TARGET_NAME:c99extidentifier)";
				SKIP_INSTALL = YES;
				TARGET_NAME = SwiftDSSocket;
			};
			name = Debug;
		};
		OBJ_25 /* Release */ = {
			isa = XCBuildConfiguration;
			buildSettings = {
				ENABLE_TESTABILITY = YES;
				FRAMEWORK_SEARCH_PATHS = (
					"$(inherited)",
					"$(PLATFORM_DIR)/Developer/Library/Frameworks",
				);
				HEADER_SEARCH_PATHS = "$(inherited)";
				INFOPLIST_FILE = SwiftDSSocket.xcodeproj/SwiftDSSocket_Info.plist;
				LD_RUNPATH_SEARCH_PATHS = "$(TOOLCHAIN_DIR)/usr/lib/swift/macosx";
				OTHER_LDFLAGS = "$(inherited)";
				OTHER_SWIFT_FLAGS = "$(inherited)";
				PRODUCT_BUNDLE_IDENTIFIER = SwiftDSSocket;
				PRODUCT_MODULE_NAME = "$(TARGET_NAME:c99extidentifier)";
				PRODUCT_NAME = "$(TARGET_NAME:c99extidentifier)";
				SKIP_INSTALL = YES;
				TARGET_NAME = SwiftDSSocket;
			};
			name = Release;
		};
		OBJ_3 /* Debug */ = {
			isa = XCBuildConfiguration;
			buildSettings = {
				CLANG_ENABLE_OBJC_ARC = YES;
				COMBINE_HIDPI_IMAGES = YES;
				COPY_PHASE_STRIP = NO;
				DEBUG_INFORMATION_FORMAT = dwarf;
				DYLIB_INSTALL_NAME_BASE = "@rpath";
				ENABLE_NS_ASSERTIONS = YES;
				GCC_OPTIMIZATION_LEVEL = 0;
				MACOSX_DEPLOYMENT_TARGET = 10.10;
				ONLY_ACTIVE_ARCH = YES;
				OTHER_SWIFT_FLAGS = "-DXcode";
				PRODUCT_NAME = "$(TARGET_NAME)";
				SDKROOT = macosx;
				SUPPORTED_PLATFORMS = "macosx iphoneos iphonesimulator appletvos appletvsimulator watchos watchsimulator";
				SWIFT_ACTIVE_COMPILATION_CONDITIONS = SWIFT_PACKAGE;
				SWIFT_OPTIMIZATION_LEVEL = "-Onone";
				SWIFT_VERSION = 3.0;
				USE_HEADERMAP = NO;
			};
			name = Debug;
		};
		OBJ_31 /* Debug */ = {
			isa = XCBuildConfiguration;
			buildSettings = {
				EMBEDDED_CONTENT_CONTAINS_SWIFT = YES;
				FRAMEWORK_SEARCH_PATHS = (
					"$(inherited)",
					"$(PLATFORM_DIR)/Developer/Library/Frameworks",
				);
				HEADER_SEARCH_PATHS = "$(inherited)";
				INFOPLIST_FILE = SwiftDSSocket.xcodeproj/SwiftDSSocketTests_Info.plist;
				LD_RUNPATH_SEARCH_PATHS = "@loader_path/../Frameworks @loader_path/Frameworks";
				OTHER_LDFLAGS = "$(inherited)";
				OTHER_SWIFT_FLAGS = "$(inherited)";
				TARGET_NAME = SwiftDSSocketTests;
			};
			name = Debug;
		};
		OBJ_32 /* Release */ = {
			isa = XCBuildConfiguration;
			buildSettings = {
				EMBEDDED_CONTENT_CONTAINS_SWIFT = YES;
				FRAMEWORK_SEARCH_PATHS = (
					"$(inherited)",
					"$(PLATFORM_DIR)/Developer/Library/Frameworks",
				);
				HEADER_SEARCH_PATHS = "$(inherited)";
				INFOPLIST_FILE = SwiftDSSocket.xcodeproj/SwiftDSSocketTests_Info.plist;
				LD_RUNPATH_SEARCH_PATHS = "@loader_path/../Frameworks @loader_path/Frameworks";
				OTHER_LDFLAGS = "$(inherited)";
				OTHER_SWIFT_FLAGS = "$(inherited)";
				TARGET_NAME = SwiftDSSocketTests;
			};
			name = Release;
		};
		OBJ_4 /* Release */ = {
			isa = XCBuildConfiguration;
			buildSettings = {
				CLANG_ENABLE_OBJC_ARC = YES;
				COMBINE_HIDPI_IMAGES = YES;
				COPY_PHASE_STRIP = YES;
				DEBUG_INFORMATION_FORMAT = "dwarf-with-dsym";
				DYLIB_INSTALL_NAME_BASE = "@rpath";
				GCC_OPTIMIZATION_LEVEL = s;
				MACOSX_DEPLOYMENT_TARGET = 10.10;
				OTHER_SWIFT_FLAGS = "-DXcode";
				PRODUCT_NAME = "$(TARGET_NAME)";
				SDKROOT = macosx;
				SUPPORTED_PLATFORMS = "macosx iphoneos iphonesimulator appletvos appletvsimulator watchos watchsimulator";
				SWIFT_ACTIVE_COMPILATION_CONDITIONS = SWIFT_PACKAGE;
				SWIFT_OPTIMIZATION_LEVEL = "-Owholemodule";
				SWIFT_VERSION = 3.0;
				USE_HEADERMAP = NO;
			};
			name = Release;
		};
/* End XCBuildConfiguration section */

/* Begin XCConfigurationList section */
		OBJ_2 /* Build configuration list for PBXProject "SwiftDSSocket" */ = {
			isa = XCConfigurationList;
			buildConfigurations = (
				OBJ_3 /* Debug */,
				OBJ_4 /* Release */,
			);
			defaultConfigurationIsVisible = 0;
			defaultConfigurationName = Debug;
		};
		OBJ_23 /* Build configuration list for PBXNativeTarget "SwiftDSSocket" */ = {
			isa = XCConfigurationList;
			buildConfigurations = (
				OBJ_24 /* Debug */,
				OBJ_25 /* Release */,
			);
			defaultConfigurationIsVisible = 0;
			defaultConfigurationName = Debug;
		};
		OBJ_30 /* Build configuration list for PBXNativeTarget "SwiftDSSocketTests" */ = {
			isa = XCConfigurationList;
			buildConfigurations = (
				OBJ_31 /* Debug */,
				OBJ_32 /* Release */,
			);
			defaultConfigurationIsVisible = 0;
			defaultConfigurationName = Debug;
		};
/* End XCConfigurationList section */
	};
	rootObject = OBJ_1 /* Project object */;
}
